{
  "name": "awesome-social-manager",
  "version": "1.0.0",
  "lockfileVersion": 3,
  "requires": true,
  "packages": {
    "": {
      "name": "awesome-social-manager",
      "version": "1.0.0",
      "license": "ISC",
      "dependencies": {
        "@zernio/node": "^0.2.688"
      }
    },
    "node_modules/@zernio/node": {
      "version": "0.2.688",
      "resolved": "https://registry.npmjs.org/@zernio/node/-/node-0.2.688.tgz",
      "integrity": "sha512-txg8lM+fKjeG3/A26oUF60gZkHKpLkONnEir4LI8JeTp1CQLlxdQ3SV2bpdON2AoV+ggcoXnWes1Df1d8AaMVw==",
      "license": "Apache-2.0",
      "engines": {
        "node": ">=18"
      }
    }
  }
}
